
Microsoft Visual Studio Solution File, Format Version 12.00
# Visual Studio Version 17
VisualStudioVersion = 17.12.35527.113
MinimumVisualStudioVersion = 10.0.40219.1
Project("{FAE04EC0-301F-11D3-BF4B-00C04F79EFBC}") = "PL", "PL\PL.csproj", "{61EDD76D-37B1-4CC7-8636-F21C9FBD7615}"
EndProject
Project("{FAE04EC0-301F-11D3-BF4B-00C04F79EFBC}") = "ML", "ML\ML.csproj", "{61F0FF9B-F46B-40F7-90DA-AFA4B5DFCACA}"
EndProject
Project("{FAE04EC0-301F-11D3-BF4B-00C04F79EFBC}") = "BL", "BL\BL.csproj", "{BA16AA6F-A193-4108-ACCB-35A194DFAAF9}"
EndProject
Project("{FAE04EC0-301F-11D3-BF4B-00C04F79EFBC}") = "DL", "DL\DL.csproj", "{E2B462C4-1B3B-4394-8EB3-51A27D934188}"
EndProject
Project("{FAE04EC0-301F-11D3-BF4B-00C04F79EFBC}") = "DL_EF", "DL_EF\DL_EF.csproj", "{684E410B-FE1C-4CC4-9576-509E2A361C02}"
EndProject
Project("{FAE04EC0-301F-11D3-BF4B-00C04F79EFBC}") = "PL_MVC", "PL_MVC\PL_MVC.csproj", "{B0487449-4516-4BD5-B89D-0F23788FD33C}"
EndProject
Project("{FAE04EC0-301F-11D3-BF4B-00C04F79EFBC}") = "SL_WCF", "SL_WCF\SL_WCF.csproj", "{5F9B4BB8-E383-41A3-AC28-E6418BEA2E13}"
EndProject
Global
	GlobalSection(SolutionConfigurationPlatforms) = preSolution
		Debug|Any CPU = Debug|Any CPU
		Release|Any CPU = Release|Any CPU
	EndGlobalSection
	GlobalSection(ProjectConfigurationPlatforms) = postSolution
		{61EDD76D-37B1-4CC7-8636-F21C9FBD7615}.Debug|Any CPU.ActiveCfg = Debug|Any CPU
		{61EDD76D-37B1-4CC7-8636-F21C9FBD7615}.Debug|Any CPU.Build.0 = Debug|Any CPU
		{61EDD76D-37B1-4CC7-8636-F21C9FBD7615}.Release|Any CPU.ActiveCfg = Release|Any CPU
		{61EDD76D-37B1-4CC7-8636-F21C9FBD7615}.Release|Any CPU.Build.0 = Release|Any CPU
		{61F0FF9B-F46B-40F7-90DA-AFA4B5DFCACA}.Debug|Any CPU.ActiveCfg = Debug|Any CPU
		{61F0FF9B-F46B-40F7-90DA-AFA4B5DFCACA}.Debug|Any CPU.Build.0 = Debug|Any CPU
		{61F0FF9B-F46B-40F7-90DA-AFA4B5DFCACA}.Release|Any CPU.ActiveCfg = Release|Any CPU
		{61F0FF9B-F46B-40F7-90DA-AFA4B5DFCACA}.Release|Any CPU.Build.0 = Release|Any CPU
		{BA16AA6F-A193-4108-ACCB-35A194DFAAF9}.Debug|Any CPU.ActiveCfg = Debug|Any CPU
		{BA16AA6F-A193-4108-ACCB-35A194DFAAF9}.Debug|Any CPU.Build.0 = Debug|Any CPU
		{BA16AA6F-A193-4108-ACCB-35A194DFAAF9}.Release|Any CPU.ActiveCfg = Release|Any CPU
		{BA16AA6F-A193-4108-ACCB-35A194DFAAF9}.Release|Any CPU.Build.0 = Release|Any CPU
		{E2B462C4-1B3B-4394-8EB3-51A27D934188}.Debug|Any CPU.ActiveCfg = Debug|Any CPU
		{E2B462C4-1B3B-4394-8EB3-51A27D934188}.Debug|Any CPU.Build.0 = Debug|Any CPU
		{E2B462C4-1B3B-4394-8EB3-51A27D934188}.Release|Any CPU.ActiveCfg = Release|Any CPU
		{E2B462C4-1B3B-4394-8EB3-51A27D934188}.Release|Any CPU.Build.0 = Release|Any CPU
		{684E410B-FE1C-4CC4-9576-509E2A361C02}.Debug|Any CPU.ActiveCfg = Debug|Any CPU
		{684E410B-FE1C-4CC4-9576-509E2A361C02}.Debug|Any CPU.Build.0 = Debug|Any CPU
		{684E410B-FE1C-4CC4-9576-509E2A361C02}.Release|Any CPU.ActiveCfg = Release|Any CPU
		{684E410B-FE1C-4CC4-9576-509E2A361C02}.Release|Any CPU.Build.0 = Release|Any CPU
		{B0487449-4516-4BD5-B89D-0F23788FD33C}.Debug|Any CPU.ActiveCfg = Debug|Any CPU
		{B0487449-4516-4BD5-B89D-0F23788FD33C}.Debug|Any CPU.Build.0 = Debug|Any CPU
		{B0487449-4516-4BD5-B89D-0F23788FD33C}.Release|Any CPU.ActiveCfg = Release|Any CPU
		{B0487449-4516-4BD5-B89D-0F23788FD33C}.Release|Any CPU.Build.0 = Release|Any CPU
		{5F9B4BB8-E383-41A3-AC28-E6418BEA2E13}.Debug|Any CPU.ActiveCfg = Debug|Any CPU
		{5F9B4BB8-E383-41A3-AC28-E6418BEA2E13}.Debug|Any CPU.Build.0 = Debug|Any CPU
		{5F9B4BB8-E383-41A3-AC28-E6418BEA2E13}.Release|Any CPU.ActiveCfg = Release|Any CPU
		{5F9B4BB8-E383-41A3-AC28-E6418BEA2E13}.Release|Any CPU.Build.0 = Release|Any CPU
	EndGlobalSection
	GlobalSection(SolutionProperties) = preSolution
		HideSolutionNode = FALSE
	EndGlobalSection
	GlobalSection(ExtensibilityGlobals) = postSolution
		SolutionGuid = {27081EF8-A492-427C-B297-A72AEB67D129}
	EndGlobalSection
EndGlobal
